
Microsoft Visual Studio Solution File, Format Version 12.00
# Visual Studio Version 17
VisualStudioVersion = 17.6.33617.297
MinimumVisualStudioVersion = 10.0.40219.1
Project("{FAE04EC0-301F-11D3-BF4B-00C04F79EFBC}") = "BenchmarkDotNetApps", "BenchmarkDotNetApps.csproj", "{D2CE5BE6-74CC-4DE9-B3F6-35826045F225}"
EndProject
Global
	GlobalSection(SolutionConfigurationPlatforms) = preSolution
		Debug|Any CPU = Debug|Any CPU
		Release|Any CPU = Release|Any CPU
	EndGlobalSection
	GlobalSection(ProjectConfigurationPlatforms) = postSolution
		{D2CE5BE6-74CC-4DE9-B3F6-35826045F225}.Debug|Any CPU.ActiveCfg = Debug|Any CPU
		{D2CE5BE6-74CC-4DE9-B3F6-35826045F225}.Debug|Any CPU.Build.0 = Debug|Any CPU
		{D2CE5BE6-74CC-4DE9-B3F6-35826045F225}.Release|Any CPU.ActiveCfg = Release|Any CPU
		{D2CE5BE6-74CC-4DE9-B3F6-35826045F225}.Release|Any CPU.Build.0 = Release|Any CPU
	EndGlobalSection
	GlobalSection(SolutionProperties) = preSolution
		HideSolutionNode = FALSE
	EndGlobalSection
	GlobalSection(ExtensibilityGlobals) = postSolution
		SolutionGuid = {DA999D15-C0ED-487D-830D-967CEAFD1DE2}
	EndGlobalSection
EndGlobal
